
Microsoft Visual Studio Solution File, Format Version 12.00
# Visual Studio Version 17
VisualStudioVersion = 17.8.34525.116
MinimumVisualStudioVersion = 10.0.40219.1
Project("{FAE04EC0-301F-11D3-BF4B-00C04F79EFBC}") = "MapperVsAdapter", "MapperVsAdapter\MapperVsAdapter.csproj", "{E10D72E4-9443-4AFD-B67C-661C90E37165}"
EndProject
Global
	GlobalSection(SolutionConfigurationPlatforms) = preSolution
		Debug|Any CPU = Debug|Any CPU
		Release|Any CPU = Release|Any CPU
	EndGlobalSection
	GlobalSection(ProjectConfigurationPlatforms) = postSolution
		{E10D72E4-9443-4AFD-B67C-661C90E37165}.Debug|Any CPU.ActiveCfg = Debug|Any CPU
		{E10D72E4-9443-4AFD-B67C-661C90E37165}.Debug|Any CPU.Build.0 = Debug|Any CPU
		{E10D72E4-9443-4AFD-B67C-661C90E37165}.Release|Any CPU.ActiveCfg = Release|Any CPU
		{E10D72E4-9443-4AFD-B67C-661C90E37165}.Release|Any CPU.Build.0 = Release|Any CPU
	EndGlobalSection
	GlobalSection(SolutionProperties) = preSolution
		HideSolutionNode = FALSE
	EndGlobalSection
	GlobalSection(ExtensibilityGlobals) = postSolution
		SolutionGuid = {11B71711-2302-4FCB-A000-96D3A948FAD5}
	EndGlobalSection
EndGlobal
